
Microsoft Visual Studio Solution File, Format Version 12.00
# Visual Studio Version 17
VisualStudioVersion = 17.11.35219.272
MinimumVisualStudioVersion = 10.0.40219.1
Project("{FAE04EC0-301F-11D3-BF4B-00C04F79EFBC}") = "Solid Responsiblity principle", "Solid Responsiblity principle\Solid Responsiblity principle.csproj", "{7A3AE9B3-84AC-47E0-AC60-08F944DF30B0}"
EndProject
Project("{FAE04EC0-301F-11D3-BF4B-00C04F79EFBC}") = "Open-Closed principle", "Open-Closed principle\Open-Closed principle.csproj", "{8EF46C78-BA86-4EF7-9169-06F0C915D8AB}"
EndProject
Global
	GlobalSection(SolutionConfigurationPlatforms) = preSolution
		Debug|Any CPU = Debug|Any CPU
		Release|Any CPU = Release|Any CPU
	EndGlobalSection
	GlobalSection(ProjectConfigurationPlatforms) = postSolution
		{7A3AE9B3-84AC-47E0-AC60-08F944DF30B0}.Debug|Any CPU.ActiveCfg = Debug|Any CPU
		{7A3AE9B3-84AC-47E0-AC60-08F944DF30B0}.Debug|Any CPU.Build.0 = Debug|Any CPU
		{7A3AE9B3-84AC-47E0-AC60-08F944DF30B0}.Release|Any CPU.ActiveCfg = Release|Any CPU
		{7A3AE9B3-84AC-47E0-AC60-08F944DF30B0}.Release|Any CPU.Build.0 = Release|Any CPU
		{8EF46C78-BA86-4EF7-9169-06F0C915D8AB}.Debug|Any CPU.ActiveCfg = Debug|Any CPU
		{8EF46C78-BA86-4EF7-9169-06F0C915D8AB}.Debug|Any CPU.Build.0 = Debug|Any CPU
		{8EF46C78-BA86-4EF7-9169-06F0C915D8AB}.Release|Any CPU.ActiveCfg = Release|Any CPU
		{8EF46C78-BA86-4EF7-9169-06F0C915D8AB}.Release|Any CPU.Build.0 = Release|Any CPU
	EndGlobalSection
	GlobalSection(SolutionProperties) = preSolution
		HideSolutionNode = FALSE
	EndGlobalSection
	GlobalSection(ExtensibilityGlobals) = postSolution
		SolutionGuid = {6F6771A7-AE5F-4955-8DB8-191A73F643B4}
	EndGlobalSection
EndGlobal
